DEPENDENCIES
  apache2 (~> 5.2.1)
  apt (~> 7.1.1)
  build-essential (~> 8.2.1)
  composer (~> 2.6.1)
  git (~> 9.0.1)
  magento-toolbox (~> 0.0.3)
  mailhog (~> 0.2.0)
  mysql (~> 8.5.1)
  nodejs (~> 6.0.0)
  percona (~> 0.16.1)
  phing (~> 0.0.3)
  php (~> 6.1.1)
  poise-python (~> 1.7.0)
  postfix (~> 5.3.1)
  redisio (~> 3.0.0)

GRAPH
  apache2 (5.2.1)
  apt (7.1.1)
  ark (4.0.0)
    build-essential (>= 0.0.0)
    seven_zip (>= 0.0.0)
  build-essential (8.2.1)
    mingw (>= 1.1)
    seven_zip (>= 0.0.0)
  chef-vault (3.1.1)
  composer (2.6.1)
    apt (>= 0.0.0)
    php (>= 0.0.0)
    windows (>= 0.0.0)
  git (9.0.1)
    build-essential (>= 5.0.0)
  magento-toolbox (0.0.3)
    php (>= 0.0.0)
  mailhog (0.2.0)
    runit (= 1.7.4)
  mingw (2.1.0)
    seven_zip (>= 0.0.0)
  mysql (8.5.1)
  nodejs (6.0.0)
    ark (>= 2.0.2)
    build-essential (>= 5.0)
  openssl (8.5.5)
  packagecloud (1.0.1)
  percona (0.16.1)
    apt (>= 2.7.0)
    build-essential (>= 0.0.0)
    chef-vault (>= 0.0.0)
    openssl (>= 0.0.0)
    yum (~> 3.0)
    yum-epel (>= 0.0.0)
  phing (0.0.3)
    composer (>= 0.0.0)
    php (>= 0.0.0)
  php (6.1.1)
    build-essential (>= 5.0)
    yum-epel (>= 0.0.0)
  poise (2.8.2)
  poise-archive (1.5.0)
    poise (~> 2.6)
  poise-languages (2.1.2)
    poise (~> 2.5)
    poise-archive (~> 1.0)
  poise-python (1.7.0)
    poise (~> 2.7)
    poise-languages (~> 2.0)
  postfix (5.3.1)
  redisio (3.0.0)
    build-essential (>= 5.0)
    selinux_policy (>= 0.0.0)
    ulimit (>= 0.1.2)
  runit (1.7.4)
    packagecloud (>= 0.0.0)
  selinux_policy (2.3.0)
  seven_zip (3.1.0)
    windows (>= 0.0.0)
  ulimit (1.0.0)
  windows (5.2.2)
  yum (3.13.0)
  yum-epel (3.3.0)
