DEPENDENCIES
  apache2 (~> 5.0.1)
  apt (~> 6.1.4)
  build-essential (~> 8.0.3)
  composer (~> 2.6.1)
  git (~> 8.0.0)
  magento-toolbox (~> 0.0.3)
  mailhog (~> 0.2.0)
  mysql (~> 8.5.1)
  nodejs (~> 4.0.0)
  percona (~> 0.16.1)
  phing (~> 0.0.3)
  php (~> 4.5.0)
  poise-python (~> 1.6.0)
  postfix (~> 5.1.1)
  redisio
    git: https://github.com/brianbianco/redisio.git
    revision: 5ccfdff183ae00ce9b71498ac3c1ae948fbc4057

GRAPH
  apache2 (5.0.1)
  apt (6.1.4)
  ark (3.1.0)
    build-essential (>= 0.0.0)
    seven_zip (>= 0.0.0)
    windows (>= 0.0.0)
  build-essential (8.0.3)
    mingw (>= 1.1)
    seven_zip (>= 0.0.0)
  chef-vault (3.0.0)
    compat_resource (>= 12.16.3)
  compat_resource (12.19.0)
  composer (2.6.1)
    apt (>= 0.0.0)
    php (>= 0.0.0)
    windows (>= 0.0.0)
  git (8.0.0)
    build-essential (>= 0.0.0)
    homebrew (>= 0.0.0)
  homebrew (4.2.0)
  magento-toolbox (0.0.3)
    php (>= 0.0.0)
  mailhog (0.2.0)
    runit (= 1.7.4)
  mingw (2.0.1)
    seven_zip (>= 0.0.0)
  mysql (8.5.1)
  nodejs (4.0.0)
    ark (>= 2.0.2)
    build-essential (>= 0.0.0)
    compat_resource (>= 12.16)
  ohai (5.2.0)
  openssl (7.1.0)
  packagecloud (0.3.0)
  percona (0.16.1)
    apt (>= 2.7.0)
    build-essential (>= 0.0.0)
    chef-vault (>= 0.0.0)
    openssl (>= 0.0.0)
    yum (~> 3.0)
    yum-epel (>= 0.0.0)
  phing (0.0.3)
    composer (>= 0.0.0)
    php (>= 0.0.0)
  php (4.5.0)
    build-essential (>= 0.0.0)
    mysql (>= 6.0.0)
    yum-epel (>= 0.0.0)
  poise (2.8.1)
  poise-archive (1.5.0)
    poise (~> 2.6)
  poise-languages (2.1.1)
    poise (~> 2.5)
    poise-archive (~> 1.0)
  poise-python (1.6.0)
    poise (~> 2.7)
    poise-languages (~> 2.0)
  postfix (5.1.1)
  redisio (2.6.1)
    build-essential (>= 0.0.0)
    selinux_policy (>= 0.0.0)
    ulimit (>= 0.1.2)
  runit (1.7.4)
    packagecloud (>= 0.0.0)
  selinux_policy (2.0.1)
    compat_resource (>= 12.16.3)
  seven_zip (2.0.2)
    windows (>= 1.2.2)
  ulimit (0.4.0)
  windows (3.3.0)
    ohai (>= 4.0.0)
  yum (3.13.0)
  yum-epel (2.1.2)
    compat_resource (>= 12.16.3)
